
Microsoft Visual Studio Solution File, Format Version 12.00
# Visual Studio Version 17
VisualStudioVersion = 17.11.35327.3
MinimumVisualStudioVersion = 10.0.40219.1
Project("{9A19103F-16F7-4668-BE54-9A1E7A4F7556}") = "01. Clock", "01. Clock\01. Clock.csproj", "{58D3EEB8-A538-4FF1-B25C-1D8897E23DA6}"
EndProject
Project("{9A19103F-16F7-4668-BE54-9A1E7A4F7556}") = "02. Multiplication Table", "02. Multiplication Table\02. Multiplication Table.csproj", "{61E41666-85BF-4CBE-8E48-B9F626EB3C5F}"
EndProject
Project("{9A19103F-16F7-4668-BE54-9A1E7A4F7556}") = "03. Combinations", "03. Combinations\03. Combinations.csproj", "{D49EC1A3-6E92-474A-BE88-69285C8D6D85}"
EndProject
Project("{9A19103F-16F7-4668-BE54-9A1E7A4F7556}") = "04. Sum of Two Numbers", "04. Sum of Two Numbers\04. Sum of Two Numbers.csproj", "{6ED62B9D-2EB5-4FFF-935D-D0ACE78CABDE}"
EndProject
Project("{9A19103F-16F7-4668-BE54-9A1E7A4F7556}") = "05. Travelling", "05. Travelling\05. Travelling.csproj", "{A6FA65AF-92E4-4590-9C22-B4CDCE547979}"
EndProject
Project("{FAE04EC0-301F-11D3-BF4B-00C04F79EFBC}") = "06. Building", "06. Building\06. Building.csproj", "{80EB44FC-CB85-4ECB-B943-673917CE9C2E}"
EndProject
Global
	GlobalSection(SolutionConfigurationPlatforms) = preSolution
		Debug|Any CPU = Debug|Any CPU
		Release|Any CPU = Release|Any CPU
	EndGlobalSection
	GlobalSection(ProjectConfigurationPlatforms) = postSolution
		{58D3EEB8-A538-4FF1-B25C-1D8897E23DA6}.Debug|Any CPU.ActiveCfg = Debug|Any CPU
		{58D3EEB8-A538-4FF1-B25C-1D8897E23DA6}.Debug|Any CPU.Build.0 = Debug|Any CPU
		{58D3EEB8-A538-4FF1-B25C-1D8897E23DA6}.Release|Any CPU.ActiveCfg = Release|Any CPU
		{58D3EEB8-A538-4FF1-B25C-1D8897E23DA6}.Release|Any CPU.Build.0 = Release|Any CPU
		{61E41666-85BF-4CBE-8E48-B9F626EB3C5F}.Debug|Any CPU.ActiveCfg = Debug|Any CPU
		{61E41666-85BF-4CBE-8E48-B9F626EB3C5F}.Debug|Any CPU.Build.0 = Debug|Any CPU
		{61E41666-85BF-4CBE-8E48-B9F626EB3C5F}.Release|Any CPU.ActiveCfg = Release|Any CPU
		{61E41666-85BF-4CBE-8E48-B9F626EB3C5F}.Release|Any CPU.Build.0 = Release|Any CPU
		{D49EC1A3-6E92-474A-BE88-69285C8D6D85}.Debug|Any CPU.ActiveCfg = Debug|Any CPU
		{D49EC1A3-6E92-474A-BE88-69285C8D6D85}.Debug|Any CPU.Build.0 = Debug|Any CPU
		{D49EC1A3-6E92-474A-BE88-69285C8D6D85}.Release|Any CPU.ActiveCfg = Release|Any CPU
		{D49EC1A3-6E92-474A-BE88-69285C8D6D85}.Release|Any CPU.Build.0 = Release|Any CPU
		{6ED62B9D-2EB5-4FFF-935D-D0ACE78CABDE}.Debug|Any CPU.ActiveCfg = Debug|Any CPU
		{6ED62B9D-2EB5-4FFF-935D-D0ACE78CABDE}.Debug|Any CPU.Build.0 = Debug|Any CPU
		{6ED62B9D-2EB5-4FFF-935D-D0ACE78CABDE}.Release|Any CPU.ActiveCfg = Release|Any CPU
		{6ED62B9D-2EB5-4FFF-935D-D0ACE78CABDE}.Release|Any CPU.Build.0 = Release|Any CPU
		{A6FA65AF-92E4-4590-9C22-B4CDCE547979}.Debug|Any CPU.ActiveCfg = Debug|Any CPU
		{A6FA65AF-92E4-4590-9C22-B4CDCE547979}.Debug|Any CPU.Build.0 = Debug|Any CPU
		{A6FA65AF-92E4-4590-9C22-B4CDCE547979}.Release|Any CPU.ActiveCfg = Release|Any CPU
		{A6FA65AF-92E4-4590-9C22-B4CDCE547979}.Release|Any CPU.Build.0 = Release|Any CPU
		{80EB44FC-CB85-4ECB-B943-673917CE9C2E}.Debug|Any CPU.ActiveCfg = Debug|Any CPU
		{80EB44FC-CB85-4ECB-B943-673917CE9C2E}.Debug|Any CPU.Build.0 = Debug|Any CPU
		{80EB44FC-CB85-4ECB-B943-673917CE9C2E}.Release|Any CPU.ActiveCfg = Release|Any CPU
		{80EB44FC-CB85-4ECB-B943-673917CE9C2E}.Release|Any CPU.Build.0 = Release|Any CPU
	EndGlobalSection
	GlobalSection(SolutionProperties) = preSolution
		HideSolutionNode = FALSE
	EndGlobalSection
	GlobalSection(ExtensibilityGlobals) = postSolution
		SolutionGuid = {74AB7A08-BFA3-45D7-A16E-30E52FBDB698}
	EndGlobalSection
EndGlobal
